
Microsoft Visual Studio Solution File, Format Version 12.00
# Visual Studio 15
Project("{FAE04EC0-301F-11D3-BF4B-00C04F79EFBC}") = "Assembly-CSharp", "Assembly-CSharp.csproj", "{8C063EEF-BE4A-9AD0-B45B-E4E2D9A2B296}"
EndProject
Project("{FAE04EC0-301F-11D3-BF4B-00C04F79EFBC}") = "Assembly-CSharp-firstpass", "Assembly-CSharp-firstpass.csproj", "{FDD74C51-A903-A1B9-60BD-362AE6AC7516}"
EndProject
Project("{FAE04EC0-301F-11D3-BF4B-00C04F79EFBC}") = "Assembly-CSharp-Editor", "Assembly-CSharp-Editor.csproj", "{B829EB4E-ED91-FACC-8520-CD1E0DF2A2E1}"
EndProject
Global
	GlobalSection(SolutionConfigurationPlatforms) = preSolution
		Debug|Any CPU = Debug|Any CPU
		Release|Any CPU = Release|Any CPU
	EndGlobalSection
	GlobalSection(ProjectConfigurationPlatforms) = postSolution
		{8C063EEF-BE4A-9AD0-B45B-E4E2D9A2B296}.Debug|Any CPU.ActiveCfg = Debug|Any CPU
		{8C063EEF-BE4A-9AD0-B45B-E4E2D9A2B296}.Debug|Any CPU.Build.0 = Debug|Any CPU
		{8C063EEF-BE4A-9AD0-B45B-E4E2D9A2B296}.Release|Any CPU.ActiveCfg = Release|Any CPU
		{8C063EEF-BE4A-9AD0-B45B-E4E2D9A2B296}.Release|Any CPU.Build.0 = Release|Any CPU
		{FDD74C51-A903-A1B9-60BD-362AE6AC7516}.Debug|Any CPU.ActiveCfg = Debug|Any CPU
		{FDD74C51-A903-A1B9-60BD-362AE6AC7516}.Debug|Any CPU.Build.0 = Debug|Any CPU
		{FDD74C51-A903-A1B9-60BD-362AE6AC7516}.Release|Any CPU.ActiveCfg = Release|Any CPU
		{FDD74C51-A903-A1B9-60BD-362AE6AC7516}.Release|Any CPU.Build.0 = Release|Any CPU
		{B829EB4E-ED91-FACC-8520-CD1E0DF2A2E1}.Debug|Any CPU.ActiveCfg = Debug|Any CPU
		{B829EB4E-ED91-FACC-8520-CD1E0DF2A2E1}.Debug|Any CPU.Build.0 = Debug|Any CPU
		{B829EB4E-ED91-FACC-8520-CD1E0DF2A2E1}.Release|Any CPU.ActiveCfg = Release|Any CPU
		{B829EB4E-ED91-FACC-8520-CD1E0DF2A2E1}.Release|Any CPU.Build.0 = Release|Any CPU
	EndGlobalSection
	GlobalSection(SolutionProperties) = preSolution
		HideSolutionNode = FALSE
	EndGlobalSection
EndGlobal
